
Microsoft Visual Studio Solution File, Format Version 12.00
# Visual Studio Version 16
VisualStudioVersion = 16.0.30621.155
MinimumVisualStudioVersion = 10.0.40219.1
Project("{FAE04EC0-301F-11D3-BF4B-00C04F79EFBC}") = "StrategyGame", "StrategyGame\StrategyGame.csproj", "{77765B02-438E-42CB-A266-57911BA21BFE}"
EndProject
Global
	GlobalSection(SolutionConfigurationPlatforms) = preSolution
		Debug|Any CPU = Debug|Any CPU
		Release|Any CPU = Release|Any CPU
	EndGlobalSection
	GlobalSection(ProjectConfigurationPlatforms) = postSolution
		{77765B02-438E-42CB-A266-57911BA21BFE}.Debug|Any CPU.ActiveCfg = Debug|Any CPU
		{77765B02-438E-42CB-A266-57911BA21BFE}.Debug|Any CPU.Build.0 = Debug|Any CPU
		{77765B02-438E-42CB-A266-57911BA21BFE}.Release|Any CPU.ActiveCfg = Release|Any CPU
		{77765B02-438E-42CB-A266-57911BA21BFE}.Release|Any CPU.Build.0 = Release|Any CPU
	EndGlobalSection
	GlobalSection(SolutionProperties) = preSolution
		HideSolutionNode = FALSE
	EndGlobalSection
	GlobalSection(ExtensibilityGlobals) = postSolution
		SolutionGuid = {B3879846-7A2E-448D-8910-C2B94A472615}
	EndGlobalSection
EndGlobal
