
Microsoft Visual Studio Solution File, Format Version 12.00
# Visual Studio Version 17
VisualStudioVersion = 17.0.32014.148
MinimumVisualStudioVersion = 10.0.40219.1
Project("{9A19103F-16F7-4668-BE54-9A1E7A4F7556}") = "StrategyGame", "StrategyGame\StrategyGame.csproj", "{77765B02-438E-42CB-A266-57911BA21BFE}"
EndProject
Project("{FAE04EC0-301F-11D3-BF4B-00C04F79EFBC}") = "StrategyGame.UnitTests", "StrategyGame.UnitTests\StrategyGame.UnitTests.csproj", "{D773BC0C-D775-462B-90BA-CCCE0327919A}"
EndProject
Global
	GlobalSection(SolutionConfigurationPlatforms) = preSolution
		Debug|Any CPU = Debug|Any CPU
		Release|Any CPU = Release|Any CPU
	EndGlobalSection
	GlobalSection(ProjectConfigurationPlatforms) = postSolution
		{77765B02-438E-42CB-A266-57911BA21BFE}.Debug|Any CPU.ActiveCfg = Debug|Any CPU
		{77765B02-438E-42CB-A266-57911BA21BFE}.Debug|Any CPU.Build.0 = Debug|Any CPU
		{77765B02-438E-42CB-A266-57911BA21BFE}.Release|Any CPU.ActiveCfg = Release|Any CPU
		{77765B02-438E-42CB-A266-57911BA21BFE}.Release|Any CPU.Build.0 = Release|Any CPU
		{D773BC0C-D775-462B-90BA-CCCE0327919A}.Debug|Any CPU.ActiveCfg = Debug|Any CPU
		{D773BC0C-D775-462B-90BA-CCCE0327919A}.Debug|Any CPU.Build.0 = Debug|Any CPU
		{D773BC0C-D775-462B-90BA-CCCE0327919A}.Release|Any CPU.ActiveCfg = Release|Any CPU
		{D773BC0C-D775-462B-90BA-CCCE0327919A}.Release|Any CPU.Build.0 = Release|Any CPU
	EndGlobalSection
	GlobalSection(SolutionProperties) = preSolution
		HideSolutionNode = FALSE
	EndGlobalSection
	GlobalSection(ExtensibilityGlobals) = postSolution
		SolutionGuid = {B3879846-7A2E-448D-8910-C2B94A472615}
	EndGlobalSection
EndGlobal
